
Microsoft Visual Studio Solution File, Format Version 12.00
# Visual Studio Version 17
VisualStudioVersion = 17.14.36930.0 d17.14
MinimumVisualStudioVersion = 10.0.40219.1
Project("{FAE04EC0-301F-11D3-BF4B-00C04F79EFBC}") = "Product and Sklad", "Product and Sklad.csproj", "{64012E30-3E7A-4125-A8AF-77E0F09596F1}"
EndProject
Global
	GlobalSection(SolutionConfigurationPlatforms) = preSolution
		Debug|Any CPU = Debug|Any CPU
		Release|Any CPU = Release|Any CPU
	EndGlobalSection
	GlobalSection(ProjectConfigurationPlatforms) = postSolution
		{64012E30-3E7A-4125-A8AF-77E0F09596F1}.Debug|Any CPU.ActiveCfg = Debug|Any CPU
		{64012E30-3E7A-4125-A8AF-77E0F09596F1}.Debug|Any CPU.Build.0 = Debug|Any CPU
		{64012E30-3E7A-4125-A8AF-77E0F09596F1}.Release|Any CPU.ActiveCfg = Release|Any CPU
		{64012E30-3E7A-4125-A8AF-77E0F09596F1}.Release|Any CPU.Build.0 = Release|Any CPU
	EndGlobalSection
	GlobalSection(SolutionProperties) = preSolution
		HideSolutionNode = FALSE
	EndGlobalSection
	GlobalSection(ExtensibilityGlobals) = postSolution
		SolutionGuid = {162D231D-F2DB-479F-B626-0B0EA79DACFA}
	EndGlobalSection
EndGlobal
